
Microsoft Visual Studio Solution File, Format Version 12.00
# Visual Studio Version 17
VisualStudioVersion = 17.13.35931.197 d17.13
MinimumVisualStudioVersion = 10.0.40219.1
Project("{FAE04EC0-301F-11D3-BF4B-00C04F79EFBC}") = "Book Class System", "Book Class System\Book Class System.csproj", "{2C3D408A-096A-4850-9737-CBC9DA91CAFA}"
EndProject
Global
	GlobalSection(SolutionConfigurationPlatforms) = preSolution
		Debug|Any CPU = Debug|Any CPU
		Release|Any CPU = Release|Any CPU
	EndGlobalSection
	GlobalSection(ProjectConfigurationPlatforms) = postSolution
		{2C3D408A-096A-4850-9737-CBC9DA91CAFA}.Debug|Any CPU.ActiveCfg = Debug|Any CPU
		{2C3D408A-096A-4850-9737-CBC9DA91CAFA}.Debug|Any CPU.Build.0 = Debug|Any CPU
		{2C3D408A-096A-4850-9737-CBC9DA91CAFA}.Release|Any CPU.ActiveCfg = Release|Any CPU
		{2C3D408A-096A-4850-9737-CBC9DA91CAFA}.Release|Any CPU.Build.0 = Release|Any CPU
	EndGlobalSection
	GlobalSection(SolutionProperties) = preSolution
		HideSolutionNode = FALSE
	EndGlobalSection
	GlobalSection(ExtensibilityGlobals) = postSolution
		SolutionGuid = {D5D80978-BEFE-412A-B181-E2764E3C98E9}
	EndGlobalSection
EndGlobal
